
Microsoft Visual Studio Solution File, Format Version 12.00
# Visual Studio 15
VisualStudioVersion = 15.0.26124.0
MinimumVisualStudioVersion = 15.0.26124.0
Project("{2150E333-8FDC-42A3-9474-1A3956D46DE8}") = "sample", "sample", "{30BAB0C7-294B-499E-B3A1-8342F2CDE7F1}"
EndProject
Project("{FAE04EC0-301F-11D3-BF4B-00C04F79EFBC}") = "Books.Application", "sample\Books.Application\Books.Application.csproj", "{219BC3CD-4296-4BF8-9935-D9B3CE48639B}"
EndProject
Project("{FAE04EC0-301F-11D3-BF4B-00C04F79EFBC}") = "Books.Client", "sample\Books.Client\Books.Client.csproj", "{7EA59D57-5AC7-4958-8F5B-0A39F70DE477}"
EndProject
Project("{FAE04EC0-301F-11D3-BF4B-00C04F79EFBC}") = "Books.Console", "sample\Books.Console\Books.Console.csproj", "{198DCA56-24CB-4074-AD52-669104FE8331}"
EndProject
Project("{FAE04EC0-301F-11D3-BF4B-00C04F79EFBC}") = "Books.Data", "sample\Books.Data\Books.Data.csproj", "{5E6CF1A5-1656-4E75-A9C2-1C86E999B92B}"
EndProject
Project("{FAE04EC0-301F-11D3-BF4B-00C04F79EFBC}") = "Books.Domain", "sample\Books.Domain\Books.Domain.csproj", "{A0E53037-A0AA-410A-BCA2-6A2AEA460813}"
EndProject
Project("{FAE04EC0-301F-11D3-BF4B-00C04F79EFBC}") = "Books.Web", "sample\Books.Web\Books.Web.csproj", "{31422388-55C7-48B2-BC92-0BD0AAF0CD2C}"
EndProject
Project("{2150E333-8FDC-42A3-9474-1A3956D46DE8}") = "src", "src", "{DEE0A75E-F549-4BFC-81B4-1F62F5B8E2E6}"
EndProject
Project("{FAE04EC0-301F-11D3-BF4B-00C04F79EFBC}") = "GoodCrud.Application.Contract", "src\GoodCrud.Application.Contract\GoodCrud.Application.Contract.csproj", "{E2935192-1847-41D1-AD70-0390409BAF6E}"
EndProject
Project("{FAE04EC0-301F-11D3-BF4B-00C04F79EFBC}") = "GoodCrud.Application", "src\GoodCrud.Application\GoodCrud.Application.csproj", "{38553CAA-3DE9-4A28-B878-7D863853EB5A}"
EndProject
Project("{FAE04EC0-301F-11D3-BF4B-00C04F79EFBC}") = "GoodCrud.Client", "src\GoodCrud.Client\GoodCrud.Client.csproj", "{DA45A0D4-6C5D-4B2C-8785-54E1A9DB4B3E}"
EndProject
Project("{FAE04EC0-301F-11D3-BF4B-00C04F79EFBC}") = "GoodCrud.Data.Contract", "src\GoodCrud.Data.Contract\GoodCrud.Data.Contract.csproj", "{9289CD6D-529F-456E-B2E6-A83E862546CF}"
EndProject
Project("{FAE04EC0-301F-11D3-BF4B-00C04F79EFBC}") = "GoodCrud.Data", "src\GoodCrud.Data\GoodCrud.Data.csproj", "{C1D388F6-970A-4E5D-A25B-840D4909D793}"
EndProject
Project("{FAE04EC0-301F-11D3-BF4B-00C04F79EFBC}") = "GoodCrud.Domain.Contract", "src\GoodCrud.Domain.Contract\GoodCrud.Domain.Contract.csproj", "{95E795AD-5DBF-4DC8-A0D5-EDF81D954086}"
EndProject
Project("{FAE04EC0-301F-11D3-BF4B-00C04F79EFBC}") = "GoodCrud.Domain", "src\GoodCrud.Domain\GoodCrud.Domain.csproj", "{D3C66452-CF7B-46A9-8910-9DE410496306}"
EndProject
Project("{FAE04EC0-301F-11D3-BF4B-00C04F79EFBC}") = "GoodCrud.Web", "src\GoodCrud.Web\GoodCrud.Web.csproj", "{8FA3DBF3-313D-4CB2-8D8C-3FC1182CFB82}"
EndProject
Project("{2150E333-8FDC-42A3-9474-1A3956D46DE8}") = "test", "test", "{9483847D-C2DA-4E82-90FA-276CE2C9E1D1}"
EndProject
Project("{FAE04EC0-301F-11D3-BF4B-00C04F79EFBC}") = "GoodCrud.Application.Tests", "test\GoodCrud.Application.Tests\GoodCrud.Application.Tests.csproj", "{4719376C-98E4-4C9D-9646-7DB8F580CF67}"
EndProject
Project("{FAE04EC0-301F-11D3-BF4B-00C04F79EFBC}") = "GoodCrud.Data.Tests", "test\GoodCrud.Data.Tests\GoodCrud.Data.Tests.csproj", "{3B91C9B4-0DFC-43BF-BC78-0A18017E4E8C}"
EndProject
Project("{FAE04EC0-301F-11D3-BF4B-00C04F79EFBC}") = "GoodCrud.Domain.Tests", "test\GoodCrud.Domain.Tests\GoodCrud.Domain.Tests.csproj", "{BDF3ECFE-1F17-4A73-B9EC-44232829E85B}"
EndProject
Project("{FAE04EC0-301F-11D3-BF4B-00C04F79EFBC}") = "GoodCrud.Web.Tests", "test\GoodCrud.Web.Tests\GoodCrud.Web.Tests.csproj", "{18978858-A919-4936-B5CE-DEFF396CC4E5}"
EndProject
Project("{FAE04EC0-301F-11D3-BF4B-00C04F79EFBC}") = "Books.Data.Contract", "sample\Books.Data.Contract\Books.Data.Contract.csproj", "{E67780D8-0043-4622-AFD9-1EA45CC06B56}"
EndProject
Project("{FAE04EC0-301F-11D3-BF4B-00C04F79EFBC}") = "Books.Domain.Contract", "sample\Books.Domain.Contract\Books.Domain.Contract.csproj", "{41694D7B-7211-452B-93B7-0E1C2E89D951}"
EndProject
Global
	GlobalSection(SolutionConfigurationPlatforms) = preSolution
		Debug|Any CPU = Debug|Any CPU
		Debug|x64 = Debug|x64
		Debug|x86 = Debug|x86
		Release|Any CPU = Release|Any CPU
		Release|x64 = Release|x64
		Release|x86 = Release|x86
	EndGlobalSection
	GlobalSection(SolutionProperties) = preSolution
		HideSolutionNode = FALSE
	EndGlobalSection
	GlobalSection(ProjectConfigurationPlatforms) = postSolution
		{219BC3CD-4296-4BF8-9935-D9B3CE48639B}.Debug|Any CPU.ActiveCfg = Debug|Any CPU
		{219BC3CD-4296-4BF8-9935-D9B3CE48639B}.Debug|Any CPU.Build.0 = Debug|Any CPU
		{219BC3CD-4296-4BF8-9935-D9B3CE48639B}.Debug|x64.ActiveCfg = Debug|Any CPU
		{219BC3CD-4296-4BF8-9935-D9B3CE48639B}.Debug|x64.Build.0 = Debug|Any CPU
		{219BC3CD-4296-4BF8-9935-D9B3CE48639B}.Debug|x86.ActiveCfg = Debug|Any CPU
		{219BC3CD-4296-4BF8-9935-D9B3CE48639B}.Debug|x86.Build.0 = Debug|Any CPU
		{219BC3CD-4296-4BF8-9935-D9B3CE48639B}.Release|Any CPU.ActiveCfg = Release|Any CPU
		{219BC3CD-4296-4BF8-9935-D9B3CE48639B}.Release|Any CPU.Build.0 = Release|Any CPU
		{219BC3CD-4296-4BF8-9935-D9B3CE48639B}.Release|x64.ActiveCfg = Release|Any CPU
		{219BC3CD-4296-4BF8-9935-D9B3CE48639B}.Release|x64.Build.0 = Release|Any CPU
		{219BC3CD-4296-4BF8-9935-D9B3CE48639B}.Release|x86.ActiveCfg = Release|Any CPU
		{219BC3CD-4296-4BF8-9935-D9B3CE48639B}.Release|x86.Build.0 = Release|Any CPU
		{7EA59D57-5AC7-4958-8F5B-0A39F70DE477}.Debug|Any CPU.ActiveCfg = Debug|Any CPU
		{7EA59D57-5AC7-4958-8F5B-0A39F70DE477}.Debug|Any CPU.Build.0 = Debug|Any CPU
		{7EA59D57-5AC7-4958-8F5B-0A39F70DE477}.Debug|x64.ActiveCfg = Debug|Any CPU
		{7EA59D57-5AC7-4958-8F5B-0A39F70DE477}.Debug|x64.Build.0 = Debug|Any CPU
		{7EA59D57-5AC7-4958-8F5B-0A39F70DE477}.Debug|x86.ActiveCfg = Debug|Any CPU
		{7EA59D57-5AC7-4958-8F5B-0A39F70DE477}.Debug|x86.Build.0 = Debug|Any CPU
		{7EA59D57-5AC7-4958-8F5B-0A39F70DE477}.Release|Any CPU.ActiveCfg = Release|Any CPU
		{7EA59D57-5AC7-4958-8F5B-0A39F70DE477}.Release|Any CPU.Build.0 = Release|Any CPU
		{7EA59D57-5AC7-4958-8F5B-0A39F70DE477}.Release|x64.ActiveCfg = Release|Any CPU
		{7EA59D57-5AC7-4958-8F5B-0A39F70DE477}.Release|x64.Build.0 = Release|Any CPU
		{7EA59D57-5AC7-4958-8F5B-0A39F70DE477}.Release|x86.ActiveCfg = Release|Any CPU
		{7EA59D57-5AC7-4958-8F5B-0A39F70DE477}.Release|x86.Build.0 = Release|Any CPU
		{198DCA56-24CB-4074-AD52-669104FE8331}.Debug|Any CPU.ActiveCfg = Debug|Any CPU
		{198DCA56-24CB-4074-AD52-669104FE8331}.Debug|Any CPU.Build.0 = Debug|Any CPU
		{198DCA56-24CB-4074-AD52-669104FE8331}.Debug|x64.ActiveCfg = Debug|Any CPU
		{198DCA56-24CB-4074-AD52-669104FE8331}.Debug|x64.Build.0 = Debug|Any CPU
		{198DCA56-24CB-4074-AD52-669104FE8331}.Debug|x86.ActiveCfg = Debug|Any CPU
		{198DCA56-24CB-4074-AD52-669104FE8331}.Debug|x86.Build.0 = Debug|Any CPU
		{198DCA56-24CB-4074-AD52-669104FE8331}.Release|Any CPU.ActiveCfg = Release|Any CPU
		{198DCA56-24CB-4074-AD52-669104FE8331}.Release|Any CPU.Build.0 = Release|Any CPU
		{198DCA56-24CB-4074-AD52-669104FE8331}.Release|x64.ActiveCfg = Release|Any CPU
		{198DCA56-24CB-4074-AD52-669104FE8331}.Release|x64.Build.0 = Release|Any CPU
		{198DCA56-24CB-4074-AD52-669104FE8331}.Release|x86.ActiveCfg = Release|Any CPU
		{198DCA56-24CB-4074-AD52-669104FE8331}.Release|x86.Build.0 = Release|Any CPU
		{5E6CF1A5-1656-4E75-A9C2-1C86E999B92B}.Debug|Any CPU.ActiveCfg = Debug|Any CPU
		{5E6CF1A5-1656-4E75-A9C2-1C86E999B92B}.Debug|Any CPU.Build.0 = Debug|Any CPU
		{5E6CF1A5-1656-4E75-A9C2-1C86E999B92B}.Debug|x64.ActiveCfg = Debug|Any CPU
		{5E6CF1A5-1656-4E75-A9C2-1C86E999B92B}.Debug|x64.Build.0 = Debug|Any CPU
		{5E6CF1A5-1656-4E75-A9C2-1C86E999B92B}.Debug|x86.ActiveCfg = Debug|Any CPU
		{5E6CF1A5-1656-4E75-A9C2-1C86E999B92B}.Debug|x86.Build.0 = Debug|Any CPU
		{5E6CF1A5-1656-4E75-A9C2-1C86E999B92B}.Release|Any CPU.ActiveCfg = Release|Any CPU
		{5E6CF1A5-1656-4E75-A9C2-1C86E999B92B}.Release|Any CPU.Build.0 = Release|Any CPU
		{5E6CF1A5-1656-4E75-A9C2-1C86E999B92B}.Release|x64.ActiveCfg = Release|Any CPU
		{5E6CF1A5-1656-4E75-A9C2-1C86E999B92B}.Release|x64.Build.0 = Release|Any CPU
		{5E6CF1A5-1656-4E75-A9C2-1C86E999B92B}.Release|x86.ActiveCfg = Release|Any CPU
		{5E6CF1A5-1656-4E75-A9C2-1C86E999B92B}.Release|x86.Build.0 = Release|Any CPU
		{A0E53037-A0AA-410A-BCA2-6A2AEA460813}.Debug|Any CPU.ActiveCfg = Debug|Any CPU
		{A0E53037-A0AA-410A-BCA2-6A2AEA460813}.Debug|Any CPU.Build.0 = Debug|Any CPU
		{A0E53037-A0AA-410A-BCA2-6A2AEA460813}.Debug|x64.ActiveCfg = Debug|Any CPU
		{A0E53037-A0AA-410A-BCA2-6A2AEA460813}.Debug|x64.Build.0 = Debug|Any CPU
		{A0E53037-A0AA-410A-BCA2-6A2AEA460813}.Debug|x86.ActiveCfg = Debug|Any CPU
		{A0E53037-A0AA-410A-BCA2-6A2AEA460813}.Debug|x86.Build.0 = Debug|Any CPU
		{A0E53037-A0AA-410A-BCA2-6A2AEA460813}.Release|Any CPU.ActiveCfg = Release|Any CPU
		{A0E53037-A0AA-410A-BCA2-6A2AEA460813}.Release|Any CPU.Build.0 = Release|Any CPU
		{A0E53037-A0AA-410A-BCA2-6A2AEA460813}.Release|x64.ActiveCfg = Release|Any CPU
		{A0E53037-A0AA-410A-BCA2-6A2AEA460813}.Release|x64.Build.0 = Release|Any CPU
		{A0E53037-A0AA-410A-BCA2-6A2AEA460813}.Release|x86.ActiveCfg = Release|Any CPU
		{A0E53037-A0AA-410A-BCA2-6A2AEA460813}.Release|x86.Build.0 = Release|Any CPU
		{31422388-55C7-48B2-BC92-0BD0AAF0CD2C}.Debug|Any CPU.ActiveCfg = Debug|Any CPU
		{31422388-55C7-48B2-BC92-0BD0AAF0CD2C}.Debug|Any CPU.Build.0 = Debug|Any CPU
		{31422388-55C7-48B2-BC92-0BD0AAF0CD2C}.Debug|x64.ActiveCfg = Debug|Any CPU
		{31422388-55C7-48B2-BC92-0BD0AAF0CD2C}.Debug|x64.Build.0 = Debug|Any CPU
		{31422388-55C7-48B2-BC92-0BD0AAF0CD2C}.Debug|x86.ActiveCfg = Debug|Any CPU
		{31422388-55C7-48B2-BC92-0BD0AAF0CD2C}.Debug|x86.Build.0 = Debug|Any CPU
		{31422388-55C7-48B2-BC92-0BD0AAF0CD2C}.Release|Any CPU.ActiveCfg = Release|Any CPU
		{31422388-55C7-48B2-BC92-0BD0AAF0CD2C}.Release|Any CPU.Build.0 = Release|Any CPU
		{31422388-55C7-48B2-BC92-0BD0AAF0CD2C}.Release|x64.ActiveCfg = Release|Any CPU
		{31422388-55C7-48B2-BC92-0BD0AAF0CD2C}.Release|x64.Build.0 = Release|Any CPU
		{31422388-55C7-48B2-BC92-0BD0AAF0CD2C}.Release|x86.ActiveCfg = Release|Any CPU
		{31422388-55C7-48B2-BC92-0BD0AAF0CD2C}.Release|x86.Build.0 = Release|Any CPU
		{E2935192-1847-41D1-AD70-0390409BAF6E}.Debug|Any CPU.ActiveCfg = Debug|Any CPU
		{E2935192-1847-41D1-AD70-0390409BAF6E}.Debug|Any CPU.Build.0 = Debug|Any CPU
		{E2935192-1847-41D1-AD70-0390409BAF6E}.Debug|x64.ActiveCfg = Debug|Any CPU
		{E2935192-1847-41D1-AD70-0390409BAF6E}.Debug|x64.Build.0 = Debug|Any CPU
		{E2935192-1847-41D1-AD70-0390409BAF6E}.Debug|x86.ActiveCfg = Debug|Any CPU
		{E2935192-1847-41D1-AD70-0390409BAF6E}.Debug|x86.Build.0 = Debug|Any CPU
		{E2935192-1847-41D1-AD70-0390409BAF6E}.Release|Any CPU.ActiveCfg = Release|Any CPU
		{E2935192-1847-41D1-AD70-0390409BAF6E}.Release|Any CPU.Build.0 = Release|Any CPU
		{E2935192-1847-41D1-AD70-0390409BAF6E}.Release|x64.ActiveCfg = Release|Any CPU
		{E2935192-1847-41D1-AD70-0390409BAF6E}.Release|x64.Build.0 = Release|Any CPU
		{E2935192-1847-41D1-AD70-0390409BAF6E}.Release|x86.ActiveCfg = Release|Any CPU
		{E2935192-1847-41D1-AD70-0390409BAF6E}.Release|x86.Build.0 = Release|Any CPU
		{38553CAA-3DE9-4A28-B878-7D863853EB5A}.Debug|Any CPU.ActiveCfg = Debug|Any CPU
		{38553CAA-3DE9-4A28-B878-7D863853EB5A}.Debug|Any CPU.Build.0 = Debug|Any CPU
		{38553CAA-3DE9-4A28-B878-7D863853EB5A}.Debug|x64.ActiveCfg = Debug|Any CPU
		{38553CAA-3DE9-4A28-B878-7D863853EB5A}.Debug|x64.Build.0 = Debug|Any CPU
		{38553CAA-3DE9-4A28-B878-7D863853EB5A}.Debug|x86.ActiveCfg = Debug|Any CPU
		{38553CAA-3DE9-4A28-B878-7D863853EB5A}.Debug|x86.Build.0 = Debug|Any CPU
		{38553CAA-3DE9-4A28-B878-7D863853EB5A}.Release|Any CPU.ActiveCfg = Release|Any CPU
		{38553CAA-3DE9-4A28-B878-7D863853EB5A}.Release|Any CPU.Build.0 = Release|Any CPU
		{38553CAA-3DE9-4A28-B878-7D863853EB5A}.Release|x64.ActiveCfg = Release|Any CPU
		{38553CAA-3DE9-4A28-B878-7D863853EB5A}.Release|x64.Build.0 = Release|Any CPU
		{38553CAA-3DE9-4A28-B878-7D863853EB5A}.Release|x86.ActiveCfg = Release|Any CPU
		{38553CAA-3DE9-4A28-B878-7D863853EB5A}.Release|x86.Build.0 = Release|Any CPU
		{DA45A0D4-6C5D-4B2C-8785-54E1A9DB4B3E}.Debug|Any CPU.ActiveCfg = Debug|Any CPU
		{DA45A0D4-6C5D-4B2C-8785-54E1A9DB4B3E}.Debug|Any CPU.Build.0 = Debug|Any CPU
		{DA45A0D4-6C5D-4B2C-8785-54E1A9DB4B3E}.Debug|x64.ActiveCfg = Debug|Any CPU
		{DA45A0D4-6C5D-4B2C-8785-54E1A9DB4B3E}.Debug|x64.Build.0 = Debug|Any CPU
		{DA45A0D4-6C5D-4B2C-8785-54E1A9DB4B3E}.Debug|x86.ActiveCfg = Debug|Any CPU
		{DA45A0D4-6C5D-4B2C-8785-54E1A9DB4B3E}.Debug|x86.Build.0 = Debug|Any CPU
		{DA45A0D4-6C5D-4B2C-8785-54E1A9DB4B3E}.Release|Any CPU.ActiveCfg = Release|Any CPU
		{DA45A0D4-6C5D-4B2C-8785-54E1A9DB4B3E}.Release|Any CPU.Build.0 = Release|Any CPU
		{DA45A0D4-6C5D-4B2C-8785-54E1A9DB4B3E}.Release|x64.ActiveCfg = Release|Any CPU
		{DA45A0D4-6C5D-4B2C-8785-54E1A9DB4B3E}.Release|x64.Build.0 = Release|Any CPU
		{DA45A0D4-6C5D-4B2C-8785-54E1A9DB4B3E}.Release|x86.ActiveCfg = Release|Any CPU
		{DA45A0D4-6C5D-4B2C-8785-54E1A9DB4B3E}.Release|x86.Build.0 = Release|Any CPU
		{9289CD6D-529F-456E-B2E6-A83E862546CF}.Debug|Any CPU.ActiveCfg = Debug|Any CPU
		{9289CD6D-529F-456E-B2E6-A83E862546CF}.Debug|Any CPU.Build.0 = Debug|Any CPU
		{9289CD6D-529F-456E-B2E6-A83E862546CF}.Debug|x64.ActiveCfg = Debug|Any CPU
		{9289CD6D-529F-456E-B2E6-A83E862546CF}.Debug|x64.Build.0 = Debug|Any CPU
		{9289CD6D-529F-456E-B2E6-A83E862546CF}.Debug|x86.ActiveCfg = Debug|Any CPU
		{9289CD6D-529F-456E-B2E6-A83E862546CF}.Debug|x86.Build.0 = Debug|Any CPU
		{9289CD6D-529F-456E-B2E6-A83E862546CF}.Release|Any CPU.ActiveCfg = Release|Any CPU
		{9289CD6D-529F-456E-B2E6-A83E862546CF}.Release|Any CPU.Build.0 = Release|Any CPU
		{9289CD6D-529F-456E-B2E6-A83E862546CF}.Release|x64.ActiveCfg = Release|Any CPU
		{9289CD6D-529F-456E-B2E6-A83E862546CF}.Release|x64.Build.0 = Release|Any CPU
		{9289CD6D-529F-456E-B2E6-A83E862546CF}.Release|x86.ActiveCfg = Release|Any CPU
		{9289CD6D-529F-456E-B2E6-A83E862546CF}.Release|x86.Build.0 = Release|Any CPU
		{C1D388F6-970A-4E5D-A25B-840D4909D793}.Debug|Any CPU.ActiveCfg = Debug|Any CPU
		{C1D388F6-970A-4E5D-A25B-840D4909D793}.Debug|Any CPU.Build.0 = Debug|Any CPU
		{C1D388F6-970A-4E5D-A25B-840D4909D793}.Debug|x64.ActiveCfg = Debug|Any CPU
		{C1D388F6-970A-4E5D-A25B-840D4909D793}.Debug|x64.Build.0 = Debug|Any CPU
		{C1D388F6-970A-4E5D-A25B-840D4909D793}.Debug|x86.ActiveCfg = Debug|Any CPU
		{C1D388F6-970A-4E5D-A25B-840D4909D793}.Debug|x86.Build.0 = Debug|Any CPU
		{C1D388F6-970A-4E5D-A25B-840D4909D793}.Release|Any CPU.ActiveCfg = Release|Any CPU
		{C1D388F6-970A-4E5D-A25B-840D4909D793}.Release|Any CPU.Build.0 = Release|Any CPU
		{C1D388F6-970A-4E5D-A25B-840D4909D793}.Release|x64.ActiveCfg = Release|Any CPU
		{C1D388F6-970A-4E5D-A25B-840D4909D793}.Release|x64.Build.0 = Release|Any CPU
		{C1D388F6-970A-4E5D-A25B-840D4909D793}.Release|x86.ActiveCfg = Release|Any CPU
		{C1D388F6-970A-4E5D-A25B-840D4909D793}.Release|x86.Build.0 = Release|Any CPU
		{95E795AD-5DBF-4DC8-A0D5-EDF81D954086}.Debug|Any CPU.ActiveCfg = Debug|Any CPU
		{95E795AD-5DBF-4DC8-A0D5-EDF81D954086}.Debug|Any CPU.Build.0 = Debug|Any CPU
		{95E795AD-5DBF-4DC8-A0D5-EDF81D954086}.Debug|x64.ActiveCfg = Debug|Any CPU
		{95E795AD-5DBF-4DC8-A0D5-EDF81D954086}.Debug|x64.Build.0 = Debug|Any CPU
		{95E795AD-5DBF-4DC8-A0D5-EDF81D954086}.Debug|x86.ActiveCfg = Debug|Any CPU
		{95E795AD-5DBF-4DC8-A0D5-EDF81D954086}.Debug|x86.Build.0 = Debug|Any CPU
		{95E795AD-5DBF-4DC8-A0D5-EDF81D954086}.Release|Any CPU.ActiveCfg = Release|Any CPU
		{95E795AD-5DBF-4DC8-A0D5-EDF81D954086}.Release|Any CPU.Build.0 = Release|Any CPU
		{95E795AD-5DBF-4DC8-A0D5-EDF81D954086}.Release|x64.ActiveCfg = Release|Any CPU
		{95E795AD-5DBF-4DC8-A0D5-EDF81D954086}.Release|x64.Build.0 = Release|Any CPU
		{95E795AD-5DBF-4DC8-A0D5-EDF81D954086}.Release|x86.ActiveCfg = Release|Any CPU
		{95E795AD-5DBF-4DC8-A0D5-EDF81D954086}.Release|x86.Build.0 = Release|Any CPU
		{D3C66452-CF7B-46A9-8910-9DE410496306}.Debug|Any CPU.ActiveCfg = Debug|Any CPU
		{D3C66452-CF7B-46A9-8910-9DE410496306}.Debug|Any CPU.Build.0 = Debug|Any CPU
		{D3C66452-CF7B-46A9-8910-9DE410496306}.Debug|x64.ActiveCfg = Debug|Any CPU
		{D3C66452-CF7B-46A9-8910-9DE410496306}.Debug|x64.Build.0 = Debug|Any CPU
		{D3C66452-CF7B-46A9-8910-9DE410496306}.Debug|x86.ActiveCfg = Debug|Any CPU
		{D3C66452-CF7B-46A9-8910-9DE410496306}.Debug|x86.Build.0 = Debug|Any CPU
		{D3C66452-CF7B-46A9-8910-9DE410496306}.Release|Any CPU.ActiveCfg = Release|Any CPU
		{D3C66452-CF7B-46A9-8910-9DE410496306}.Release|Any CPU.Build.0 = Release|Any CPU
		{D3C66452-CF7B-46A9-8910-9DE410496306}.Release|x64.ActiveCfg = Release|Any CPU
		{D3C66452-CF7B-46A9-8910-9DE410496306}.Release|x64.Build.0 = Release|Any CPU
		{D3C66452-CF7B-46A9-8910-9DE410496306}.Release|x86.ActiveCfg = Release|Any CPU
		{D3C66452-CF7B-46A9-8910-9DE410496306}.Release|x86.Build.0 = Release|Any CPU
		{8FA3DBF3-313D-4CB2-8D8C-3FC1182CFB82}.Debug|Any CPU.ActiveCfg = Debug|Any CPU
		{8FA3DBF3-313D-4CB2-8D8C-3FC1182CFB82}.Debug|Any CPU.Build.0 = Debug|Any CPU
		{8FA3DBF3-313D-4CB2-8D8C-3FC1182CFB82}.Debug|x64.ActiveCfg = Debug|Any CPU
		{8FA3DBF3-313D-4CB2-8D8C-3FC1182CFB82}.Debug|x64.Build.0 = Debug|Any CPU
		{8FA3DBF3-313D-4CB2-8D8C-3FC1182CFB82}.Debug|x86.ActiveCfg = Debug|Any CPU
		{8FA3DBF3-313D-4CB2-8D8C-3FC1182CFB82}.Debug|x86.Build.0 = Debug|Any CPU
		{8FA3DBF3-313D-4CB2-8D8C-3FC1182CFB82}.Release|Any CPU.ActiveCfg = Release|Any CPU
		{8FA3DBF3-313D-4CB2-8D8C-3FC1182CFB82}.Release|Any CPU.Build.0 = Release|Any CPU
		{8FA3DBF3-313D-4CB2-8D8C-3FC1182CFB82}.Release|x64.ActiveCfg = Release|Any CPU
		{8FA3DBF3-313D-4CB2-8D8C-3FC1182CFB82}.Release|x64.Build.0 = Release|Any CPU
		{8FA3DBF3-313D-4CB2-8D8C-3FC1182CFB82}.Release|x86.ActiveCfg = Release|Any CPU
		{8FA3DBF3-313D-4CB2-8D8C-3FC1182CFB82}.Release|x86.Build.0 = Release|Any CPU
		{4719376C-98E4-4C9D-9646-7DB8F580CF67}.Debug|Any CPU.ActiveCfg = Debug|Any CPU
		{4719376C-98E4-4C9D-9646-7DB8F580CF67}.Debug|Any CPU.Build.0 = Debug|Any CPU
		{4719376C-98E4-4C9D-9646-7DB8F580CF67}.Debug|x64.ActiveCfg = Debug|Any CPU
		{4719376C-98E4-4C9D-9646-7DB8F580CF67}.Debug|x64.Build.0 = Debug|Any CPU
		{4719376C-98E4-4C9D-9646-7DB8F580CF67}.Debug|x86.ActiveCfg = Debug|Any CPU
		{4719376C-98E4-4C9D-9646-7DB8F580CF67}.Debug|x86.Build.0 = Debug|Any CPU
		{4719376C-98E4-4C9D-9646-7DB8F580CF67}.Release|Any CPU.ActiveCfg = Release|Any CPU
		{4719376C-98E4-4C9D-9646-7DB8F580CF67}.Release|Any CPU.Build.0 = Release|Any CPU
		{4719376C-98E4-4C9D-9646-7DB8F580CF67}.Release|x64.ActiveCfg = Release|Any CPU
		{4719376C-98E4-4C9D-9646-7DB8F580CF67}.Release|x64.Build.0 = Release|Any CPU
		{4719376C-98E4-4C9D-9646-7DB8F580CF67}.Release|x86.ActiveCfg = Release|Any CPU
		{4719376C-98E4-4C9D-9646-7DB8F580CF67}.Release|x86.Build.0 = Release|Any CPU
		{3B91C9B4-0DFC-43BF-BC78-0A18017E4E8C}.Debug|Any CPU.ActiveCfg = Debug|Any CPU
		{3B91C9B4-0DFC-43BF-BC78-0A18017E4E8C}.Debug|Any CPU.Build.0 = Debug|Any CPU
		{3B91C9B4-0DFC-43BF-BC78-0A18017E4E8C}.Debug|x64.ActiveCfg = Debug|Any CPU
		{3B91C9B4-0DFC-43BF-BC78-0A18017E4E8C}.Debug|x64.Build.0 = Debug|Any CPU
		{3B91C9B4-0DFC-43BF-BC78-0A18017E4E8C}.Debug|x86.ActiveCfg = Debug|Any CPU
		{3B91C9B4-0DFC-43BF-BC78-0A18017E4E8C}.Debug|x86.Build.0 = Debug|Any CPU
		{3B91C9B4-0DFC-43BF-BC78-0A18017E4E8C}.Release|Any CPU.ActiveCfg = Release|Any CPU
		{3B91C9B4-0DFC-43BF-BC78-0A18017E4E8C}.Release|Any CPU.Build.0 = Release|Any CPU
		{3B91C9B4-0DFC-43BF-BC78-0A18017E4E8C}.Release|x64.ActiveCfg = Release|Any CPU
		{3B91C9B4-0DFC-43BF-BC78-0A18017E4E8C}.Release|x64.Build.0 = Release|Any CPU
		{3B91C9B4-0DFC-43BF-BC78-0A18017E4E8C}.Release|x86.ActiveCfg = Release|Any CPU
		{3B91C9B4-0DFC-43BF-BC78-0A18017E4E8C}.Release|x86.Build.0 = Release|Any CPU
		{BDF3ECFE-1F17-4A73-B9EC-44232829E85B}.Debug|Any CPU.ActiveCfg = Debug|Any CPU
		{BDF3ECFE-1F17-4A73-B9EC-44232829E85B}.Debug|Any CPU.Build.0 = Debug|Any CPU
		{BDF3ECFE-1F17-4A73-B9EC-44232829E85B}.Debug|x64.ActiveCfg = Debug|Any CPU
		{BDF3ECFE-1F17-4A73-B9EC-44232829E85B}.Debug|x64.Build.0 = Debug|Any CPU
		{BDF3ECFE-1F17-4A73-B9EC-44232829E85B}.Debug|x86.ActiveCfg = Debug|Any CPU
		{BDF3ECFE-1F17-4A73-B9EC-44232829E85B}.Debug|x86.Build.0 = Debug|Any CPU
		{BDF3ECFE-1F17-4A73-B9EC-44232829E85B}.Release|Any CPU.ActiveCfg = Release|Any CPU
		{BDF3ECFE-1F17-4A73-B9EC-44232829E85B}.Release|Any CPU.Build.0 = Release|Any CPU
		{BDF3ECFE-1F17-4A73-B9EC-44232829E85B}.Release|x64.ActiveCfg = Release|Any CPU
		{BDF3ECFE-1F17-4A73-B9EC-44232829E85B}.Release|x64.Build.0 = Release|Any CPU
		{BDF3ECFE-1F17-4A73-B9EC-44232829E85B}.Release|x86.ActiveCfg = Release|Any CPU
		{BDF3ECFE-1F17-4A73-B9EC-44232829E85B}.Release|x86.Build.0 = Release|Any CPU
		{18978858-A919-4936-B5CE-DEFF396CC4E5}.Debug|Any CPU.ActiveCfg = Debug|Any CPU
		{18978858-A919-4936-B5CE-DEFF396CC4E5}.Debug|Any CPU.Build.0 = Debug|Any CPU
		{18978858-A919-4936-B5CE-DEFF396CC4E5}.Debug|x64.ActiveCfg = Debug|Any CPU
		{18978858-A919-4936-B5CE-DEFF396CC4E5}.Debug|x64.Build.0 = Debug|Any CPU
		{18978858-A919-4936-B5CE-DEFF396CC4E5}.Debug|x86.ActiveCfg = Debug|Any CPU
		{18978858-A919-4936-B5CE-DEFF396CC4E5}.Debug|x86.Build.0 = Debug|Any CPU
		{18978858-A919-4936-B5CE-DEFF396CC4E5}.Release|Any CPU.ActiveCfg = Release|Any CPU
		{18978858-A919-4936-B5CE-DEFF396CC4E5}.Release|Any CPU.Build.0 = Release|Any CPU
		{18978858-A919-4936-B5CE-DEFF396CC4E5}.Release|x64.ActiveCfg = Release|Any CPU
		{18978858-A919-4936-B5CE-DEFF396CC4E5}.Release|x64.Build.0 = Release|Any CPU
		{18978858-A919-4936-B5CE-DEFF396CC4E5}.Release|x86.ActiveCfg = Release|Any CPU
		{18978858-A919-4936-B5CE-DEFF396CC4E5}.Release|x86.Build.0 = Release|Any CPU
		{E67780D8-0043-4622-AFD9-1EA45CC06B56}.Debug|Any CPU.ActiveCfg = Debug|Any CPU
		{E67780D8-0043-4622-AFD9-1EA45CC06B56}.Debug|Any CPU.Build.0 = Debug|Any CPU
		{E67780D8-0043-4622-AFD9-1EA45CC06B56}.Debug|x64.ActiveCfg = Debug|Any CPU
		{E67780D8-0043-4622-AFD9-1EA45CC06B56}.Debug|x64.Build.0 = Debug|Any CPU
		{E67780D8-0043-4622-AFD9-1EA45CC06B56}.Debug|x86.ActiveCfg = Debug|Any CPU
		{E67780D8-0043-4622-AFD9-1EA45CC06B56}.Debug|x86.Build.0 = Debug|Any CPU
		{E67780D8-0043-4622-AFD9-1EA45CC06B56}.Release|Any CPU.ActiveCfg = Release|Any CPU
		{E67780D8-0043-4622-AFD9-1EA45CC06B56}.Release|Any CPU.Build.0 = Release|Any CPU
		{E67780D8-0043-4622-AFD9-1EA45CC06B56}.Release|x64.ActiveCfg = Release|Any CPU
		{E67780D8-0043-4622-AFD9-1EA45CC06B56}.Release|x64.Build.0 = Release|Any CPU
		{E67780D8-0043-4622-AFD9-1EA45CC06B56}.Release|x86.ActiveCfg = Release|Any CPU
		{E67780D8-0043-4622-AFD9-1EA45CC06B56}.Release|x86.Build.0 = Release|Any CPU
		{41694D7B-7211-452B-93B7-0E1C2E89D951}.Debug|Any CPU.ActiveCfg = Debug|Any CPU
		{41694D7B-7211-452B-93B7-0E1C2E89D951}.Debug|Any CPU.Build.0 = Debug|Any CPU
		{41694D7B-7211-452B-93B7-0E1C2E89D951}.Debug|x64.ActiveCfg = Debug|Any CPU
		{41694D7B-7211-452B-93B7-0E1C2E89D951}.Debug|x64.Build.0 = Debug|Any CPU
		{41694D7B-7211-452B-93B7-0E1C2E89D951}.Debug|x86.ActiveCfg = Debug|Any CPU
		{41694D7B-7211-452B-93B7-0E1C2E89D951}.Debug|x86.Build.0 = Debug|Any CPU
		{41694D7B-7211-452B-93B7-0E1C2E89D951}.Release|Any CPU.ActiveCfg = Release|Any CPU
		{41694D7B-7211-452B-93B7-0E1C2E89D951}.Release|Any CPU.Build.0 = Release|Any CPU
		{41694D7B-7211-452B-93B7-0E1C2E89D951}.Release|x64.ActiveCfg = Release|Any CPU
		{41694D7B-7211-452B-93B7-0E1C2E89D951}.Release|x64.Build.0 = Release|Any CPU
		{41694D7B-7211-452B-93B7-0E1C2E89D951}.Release|x86.ActiveCfg = Release|Any CPU
		{41694D7B-7211-452B-93B7-0E1C2E89D951}.Release|x86.Build.0 = Release|Any CPU
	EndGlobalSection
	GlobalSection(NestedProjects) = preSolution
		{219BC3CD-4296-4BF8-9935-D9B3CE48639B} = {30BAB0C7-294B-499E-B3A1-8342F2CDE7F1}
		{7EA59D57-5AC7-4958-8F5B-0A39F70DE477} = {30BAB0C7-294B-499E-B3A1-8342F2CDE7F1}
		{198DCA56-24CB-4074-AD52-669104FE8331} = {30BAB0C7-294B-499E-B3A1-8342F2CDE7F1}
		{5E6CF1A5-1656-4E75-A9C2-1C86E999B92B} = {30BAB0C7-294B-499E-B3A1-8342F2CDE7F1}
		{A0E53037-A0AA-410A-BCA2-6A2AEA460813} = {30BAB0C7-294B-499E-B3A1-8342F2CDE7F1}
		{31422388-55C7-48B2-BC92-0BD0AAF0CD2C} = {30BAB0C7-294B-499E-B3A1-8342F2CDE7F1}
		{E2935192-1847-41D1-AD70-0390409BAF6E} = {DEE0A75E-F549-4BFC-81B4-1F62F5B8E2E6}
		{38553CAA-3DE9-4A28-B878-7D863853EB5A} = {DEE0A75E-F549-4BFC-81B4-1F62F5B8E2E6}
		{DA45A0D4-6C5D-4B2C-8785-54E1A9DB4B3E} = {DEE0A75E-F549-4BFC-81B4-1F62F5B8E2E6}
		{9289CD6D-529F-456E-B2E6-A83E862546CF} = {DEE0A75E-F549-4BFC-81B4-1F62F5B8E2E6}
		{C1D388F6-970A-4E5D-A25B-840D4909D793} = {DEE0A75E-F549-4BFC-81B4-1F62F5B8E2E6}
		{95E795AD-5DBF-4DC8-A0D5-EDF81D954086} = {DEE0A75E-F549-4BFC-81B4-1F62F5B8E2E6}
		{D3C66452-CF7B-46A9-8910-9DE410496306} = {DEE0A75E-F549-4BFC-81B4-1F62F5B8E2E6}
		{8FA3DBF3-313D-4CB2-8D8C-3FC1182CFB82} = {DEE0A75E-F549-4BFC-81B4-1F62F5B8E2E6}
		{4719376C-98E4-4C9D-9646-7DB8F580CF67} = {9483847D-C2DA-4E82-90FA-276CE2C9E1D1}
		{3B91C9B4-0DFC-43BF-BC78-0A18017E4E8C} = {9483847D-C2DA-4E82-90FA-276CE2C9E1D1}
		{BDF3ECFE-1F17-4A73-B9EC-44232829E85B} = {9483847D-C2DA-4E82-90FA-276CE2C9E1D1}
		{18978858-A919-4936-B5CE-DEFF396CC4E5} = {9483847D-C2DA-4E82-90FA-276CE2C9E1D1}
		{E67780D8-0043-4622-AFD9-1EA45CC06B56} = {30BAB0C7-294B-499E-B3A1-8342F2CDE7F1}
		{41694D7B-7211-452B-93B7-0E1C2E89D951} = {30BAB0C7-294B-499E-B3A1-8342F2CDE7F1}
	EndGlobalSection
EndGlobal
