
Microsoft Visual Studio Solution File, Format Version 12.00
# Visual Studio 15
VisualStudioVersion = 15.0.26124.0
MinimumVisualStudioVersion = 15.0.26124.0
Project("{FAE04EC0-301F-11D3-BF4B-00C04F79EFBC}") = "Books.Application", "Books.Application\Books.Application.csproj", "{5CE8EB12-4CB3-46DF-958E-560986F8F060}"
EndProject
Project("{FAE04EC0-301F-11D3-BF4B-00C04F79EFBC}") = "Books.Data", "Books.Data\Books.Data.csproj", "{AD3A5C00-0C69-4920-B573-2196FAD82B26}"
EndProject
Project("{FAE04EC0-301F-11D3-BF4B-00C04F79EFBC}") = "Books.Web", "Books.Web\Books.Web.csproj", "{91B43112-12C5-4FF2-BA95-C2CE90E4A2FD}"
EndProject
Project("{FAE04EC0-301F-11D3-BF4B-00C04F79EFBC}") = "Books.Client", "Books.Client\Books.Client.csproj", "{C28F4358-4850-47FD-8538-50EB91DE840B}"
EndProject
Project("{FAE04EC0-301F-11D3-BF4B-00C04F79EFBC}") = "Books.Console", "Books.Console\Books.Console.csproj", "{7156A343-13CF-404A-86DB-92823AEBCF99}"
EndProject
Project("{FAE04EC0-301F-11D3-BF4B-00C04F79EFBC}") = "Books.Domain", "Books.Domain\Books.Domain.csproj", "{90ADAC78-29C2-4CA0-AD35-A14F802109F4}"
EndProject
Global
	GlobalSection(SolutionConfigurationPlatforms) = preSolution
		Debug|Any CPU = Debug|Any CPU
		Debug|x64 = Debug|x64
		Debug|x86 = Debug|x86
		Release|Any CPU = Release|Any CPU
		Release|x64 = Release|x64
		Release|x86 = Release|x86
	EndGlobalSection
	GlobalSection(SolutionProperties) = preSolution
		HideSolutionNode = FALSE
	EndGlobalSection
	GlobalSection(ProjectConfigurationPlatforms) = postSolution
		{5CE8EB12-4CB3-46DF-958E-560986F8F060}.Debug|Any CPU.ActiveCfg = Debug|Any CPU
		{5CE8EB12-4CB3-46DF-958E-560986F8F060}.Debug|Any CPU.Build.0 = Debug|Any CPU
		{5CE8EB12-4CB3-46DF-958E-560986F8F060}.Debug|x64.ActiveCfg = Debug|Any CPU
		{5CE8EB12-4CB3-46DF-958E-560986F8F060}.Debug|x64.Build.0 = Debug|Any CPU
		{5CE8EB12-4CB3-46DF-958E-560986F8F060}.Debug|x86.ActiveCfg = Debug|Any CPU
		{5CE8EB12-4CB3-46DF-958E-560986F8F060}.Debug|x86.Build.0 = Debug|Any CPU
		{5CE8EB12-4CB3-46DF-958E-560986F8F060}.Release|Any CPU.ActiveCfg = Release|Any CPU
		{5CE8EB12-4CB3-46DF-958E-560986F8F060}.Release|Any CPU.Build.0 = Release|Any CPU
		{5CE8EB12-4CB3-46DF-958E-560986F8F060}.Release|x64.ActiveCfg = Release|Any CPU
		{5CE8EB12-4CB3-46DF-958E-560986F8F060}.Release|x64.Build.0 = Release|Any CPU
		{5CE8EB12-4CB3-46DF-958E-560986F8F060}.Release|x86.ActiveCfg = Release|Any CPU
		{5CE8EB12-4CB3-46DF-958E-560986F8F060}.Release|x86.Build.0 = Release|Any CPU
		{AD3A5C00-0C69-4920-B573-2196FAD82B26}.Debug|Any CPU.ActiveCfg = Debug|Any CPU
		{AD3A5C00-0C69-4920-B573-2196FAD82B26}.Debug|Any CPU.Build.0 = Debug|Any CPU
		{AD3A5C00-0C69-4920-B573-2196FAD82B26}.Debug|x64.ActiveCfg = Debug|Any CPU
		{AD3A5C00-0C69-4920-B573-2196FAD82B26}.Debug|x64.Build.0 = Debug|Any CPU
		{AD3A5C00-0C69-4920-B573-2196FAD82B26}.Debug|x86.ActiveCfg = Debug|Any CPU
		{AD3A5C00-0C69-4920-B573-2196FAD82B26}.Debug|x86.Build.0 = Debug|Any CPU
		{AD3A5C00-0C69-4920-B573-2196FAD82B26}.Release|Any CPU.ActiveCfg = Release|Any CPU
		{AD3A5C00-0C69-4920-B573-2196FAD82B26}.Release|Any CPU.Build.0 = Release|Any CPU
		{AD3A5C00-0C69-4920-B573-2196FAD82B26}.Release|x64.ActiveCfg = Release|Any CPU
		{AD3A5C00-0C69-4920-B573-2196FAD82B26}.Release|x64.Build.0 = Release|Any CPU
		{AD3A5C00-0C69-4920-B573-2196FAD82B26}.Release|x86.ActiveCfg = Release|Any CPU
		{AD3A5C00-0C69-4920-B573-2196FAD82B26}.Release|x86.Build.0 = Release|Any CPU
		{91B43112-12C5-4FF2-BA95-C2CE90E4A2FD}.Debug|Any CPU.ActiveCfg = Debug|Any CPU
		{91B43112-12C5-4FF2-BA95-C2CE90E4A2FD}.Debug|Any CPU.Build.0 = Debug|Any CPU
		{91B43112-12C5-4FF2-BA95-C2CE90E4A2FD}.Debug|x64.ActiveCfg = Debug|Any CPU
		{91B43112-12C5-4FF2-BA95-C2CE90E4A2FD}.Debug|x64.Build.0 = Debug|Any CPU
		{91B43112-12C5-4FF2-BA95-C2CE90E4A2FD}.Debug|x86.ActiveCfg = Debug|Any CPU
		{91B43112-12C5-4FF2-BA95-C2CE90E4A2FD}.Debug|x86.Build.0 = Debug|Any CPU
		{91B43112-12C5-4FF2-BA95-C2CE90E4A2FD}.Release|Any CPU.ActiveCfg = Release|Any CPU
		{91B43112-12C5-4FF2-BA95-C2CE90E4A2FD}.Release|Any CPU.Build.0 = Release|Any CPU
		{91B43112-12C5-4FF2-BA95-C2CE90E4A2FD}.Release|x64.ActiveCfg = Release|Any CPU
		{91B43112-12C5-4FF2-BA95-C2CE90E4A2FD}.Release|x64.Build.0 = Release|Any CPU
		{91B43112-12C5-4FF2-BA95-C2CE90E4A2FD}.Release|x86.ActiveCfg = Release|Any CPU
		{91B43112-12C5-4FF2-BA95-C2CE90E4A2FD}.Release|x86.Build.0 = Release|Any CPU
		{C28F4358-4850-47FD-8538-50EB91DE840B}.Debug|Any CPU.ActiveCfg = Debug|Any CPU
		{C28F4358-4850-47FD-8538-50EB91DE840B}.Debug|Any CPU.Build.0 = Debug|Any CPU
		{C28F4358-4850-47FD-8538-50EB91DE840B}.Debug|x64.ActiveCfg = Debug|Any CPU
		{C28F4358-4850-47FD-8538-50EB91DE840B}.Debug|x64.Build.0 = Debug|Any CPU
		{C28F4358-4850-47FD-8538-50EB91DE840B}.Debug|x86.ActiveCfg = Debug|Any CPU
		{C28F4358-4850-47FD-8538-50EB91DE840B}.Debug|x86.Build.0 = Debug|Any CPU
		{C28F4358-4850-47FD-8538-50EB91DE840B}.Release|Any CPU.ActiveCfg = Release|Any CPU
		{C28F4358-4850-47FD-8538-50EB91DE840B}.Release|Any CPU.Build.0 = Release|Any CPU
		{C28F4358-4850-47FD-8538-50EB91DE840B}.Release|x64.ActiveCfg = Release|Any CPU
		{C28F4358-4850-47FD-8538-50EB91DE840B}.Release|x64.Build.0 = Release|Any CPU
		{C28F4358-4850-47FD-8538-50EB91DE840B}.Release|x86.ActiveCfg = Release|Any CPU
		{C28F4358-4850-47FD-8538-50EB91DE840B}.Release|x86.Build.0 = Release|Any CPU
		{7156A343-13CF-404A-86DB-92823AEBCF99}.Debug|Any CPU.ActiveCfg = Debug|Any CPU
		{7156A343-13CF-404A-86DB-92823AEBCF99}.Debug|Any CPU.Build.0 = Debug|Any CPU
		{7156A343-13CF-404A-86DB-92823AEBCF99}.Debug|x64.ActiveCfg = Debug|Any CPU
		{7156A343-13CF-404A-86DB-92823AEBCF99}.Debug|x64.Build.0 = Debug|Any CPU
		{7156A343-13CF-404A-86DB-92823AEBCF99}.Debug|x86.ActiveCfg = Debug|Any CPU
		{7156A343-13CF-404A-86DB-92823AEBCF99}.Debug|x86.Build.0 = Debug|Any CPU
		{7156A343-13CF-404A-86DB-92823AEBCF99}.Release|Any CPU.ActiveCfg = Release|Any CPU
		{7156A343-13CF-404A-86DB-92823AEBCF99}.Release|Any CPU.Build.0 = Release|Any CPU
		{7156A343-13CF-404A-86DB-92823AEBCF99}.Release|x64.ActiveCfg = Release|Any CPU
		{7156A343-13CF-404A-86DB-92823AEBCF99}.Release|x64.Build.0 = Release|Any CPU
		{7156A343-13CF-404A-86DB-92823AEBCF99}.Release|x86.ActiveCfg = Release|Any CPU
		{7156A343-13CF-404A-86DB-92823AEBCF99}.Release|x86.Build.0 = Release|Any CPU
		{90ADAC78-29C2-4CA0-AD35-A14F802109F4}.Debug|Any CPU.ActiveCfg = Debug|Any CPU
		{90ADAC78-29C2-4CA0-AD35-A14F802109F4}.Debug|Any CPU.Build.0 = Debug|Any CPU
		{90ADAC78-29C2-4CA0-AD35-A14F802109F4}.Debug|x64.ActiveCfg = Debug|Any CPU
		{90ADAC78-29C2-4CA0-AD35-A14F802109F4}.Debug|x64.Build.0 = Debug|Any CPU
		{90ADAC78-29C2-4CA0-AD35-A14F802109F4}.Debug|x86.ActiveCfg = Debug|Any CPU
		{90ADAC78-29C2-4CA0-AD35-A14F802109F4}.Debug|x86.Build.0 = Debug|Any CPU
		{90ADAC78-29C2-4CA0-AD35-A14F802109F4}.Release|Any CPU.ActiveCfg = Release|Any CPU
		{90ADAC78-29C2-4CA0-AD35-A14F802109F4}.Release|Any CPU.Build.0 = Release|Any CPU
		{90ADAC78-29C2-4CA0-AD35-A14F802109F4}.Release|x64.ActiveCfg = Release|Any CPU
		{90ADAC78-29C2-4CA0-AD35-A14F802109F4}.Release|x64.Build.0 = Release|Any CPU
		{90ADAC78-29C2-4CA0-AD35-A14F802109F4}.Release|x86.ActiveCfg = Release|Any CPU
		{90ADAC78-29C2-4CA0-AD35-A14F802109F4}.Release|x86.Build.0 = Release|Any CPU
	EndGlobalSection
EndGlobal
